// !$*UTF8*$!
{
	archiveVersion = 1;
	classes = {
	};
	objectVersion = 46;
	objects = {

/* Begin PBXBuildFile section */
		073F951914609F9E00B82921 /* ThreeDimensionalView.cpp in Sources */ = {isa = PBXBuildFile; fileRef = 073F951714609F9E00B82921 /* ThreeDimensionalView.cpp */; };
		07B5985714611D2900CB1F95 /* Falling.cpp in Sources */ = {isa = PBXBuildFile; fileRef = 07B5985614611D2900CB1F95 /* Falling.cpp */; };
		32578CF1141841D40016AEB7 /* main.cpp in Sources */ = {isa = PBXBuildFile; fileRef = 32578CF0141841D40016AEB7 /* main.cpp */; };
		32953D7D141DA991005517FC /* Board.cpp in Sources */ = {isa = PBXBuildFile; fileRef = 32953D7B141DA991005517FC /* Board.cpp */; };
		32953D84141DB64E005517FC /* Tile.cpp in Sources */ = {isa = PBXBuildFile; fileRef = 32953D82141DB64D005517FC /* Tile.cpp */; };
		32953D87141DB694005517FC /* Cell.cpp in Sources */ = {isa = PBXBuildFile; fileRef = 32953D85141DB694005517FC /* Cell.cpp */; };
		32953D8A141DB7E2005517FC /* AbstractView.cpp in Sources */ = {isa = PBXBuildFile; fileRef = 32953D88141DB7E2005517FC /* AbstractView.cpp */; };
		32953D8D141DB84C005517FC /* AbstractController.cpp in Sources */ = {isa = PBXBuildFile; fileRef = 32953D8B141DB84C005517FC /* AbstractController.cpp */; };
		32953D90141DB880005517FC /* KeyboardController.cpp in Sources */ = {isa = PBXBuildFile; fileRef = 32953D8E141DB880005517FC /* KeyboardController.cpp */; };
		32953D93141DB9C5005517FC /* TwoDimensionalView.cpp in Sources */ = {isa = PBXBuildFile; fileRef = 32953D91141DB9C5005517FC /* TwoDimensionalView.cpp */; };
		32953D95141DBB99005517FC /* GLUT.framework in Frameworks */ = {isa = PBXBuildFile; fileRef = 32953D94141DBB98005517FC /* GLUT.framework */; };
		32953D97141DBB9D005517FC /* OpenGL.framework in Frameworks */ = {isa = PBXBuildFile; fileRef = 32953D96141DBB9D005517FC /* OpenGL.framework */; };
		32953D99141DBC0B005517FC /* Cocoa.framework in Frameworks */ = {isa = PBXBuildFile; fileRef = 32953D98141DBC0B005517FC /* Cocoa.framework */; };
/* End PBXBuildFile section */

/* Begin PBXCopyFilesBuildPhase section */
		32578CE1141841650016AEB7 /* CopyFiles */ = {
			isa = PBXCopyFilesBuildPhase;
			buildActionMask = 2147483647;
			dstPath = /usr/share/man/man1/;
			dstSubfolderSpec = 0;
			files = (
			);
			runOnlyForDeploymentPostprocessing = 1;
		};
/* End PBXCopyFilesBuildPhase section */

/* Begin PBXFileReference section */
		073F951714609F9E00B82921 /* ThreeDimensionalView.cpp */ = {isa = PBXFileReference; fileEncoding = 4; lastKnownFileType = sourcecode.cpp.cpp; path = ThreeDimensionalView.cpp; sourceTree = "<group>"; };
		073F951814609F9E00B82921 /* ThreeDimensionalView.h */ = {isa = PBXFileReference; fileEncoding = 4; lastKnownFileType = sourcecode.c.h; path = ThreeDimensionalView.h; sourceTree = "<group>"; };
		07B5985414611D1200CB1F95 /* Falling.h */ = {isa = PBXFileReference; fileEncoding = 4; lastKnownFileType = sourcecode.c.h; path = Falling.h; sourceTree = "<group>"; };
		07B5985614611D2900CB1F95 /* Falling.cpp */ = {isa = PBXFileReference; fileEncoding = 4; lastKnownFileType = sourcecode.cpp.cpp; path = Falling.cpp; sourceTree = "<group>"; };
		32578CE3141841650016AEB7 /* Bloxorz */ = {isa = PBXFileReference; explicitFileType = "compiled.mach-o.executable"; includeInIndex = 0; path = Bloxorz; sourceTree = BUILT_PRODUCTS_DIR; };
		32578CF0141841D40016AEB7 /* main.cpp */ = {isa = PBXFileReference; fileEncoding = 4; lastKnownFileType = sourcecode.cpp.cpp; path = main.cpp; sourceTree = "<group>"; };
		32953D7B141DA991005517FC /* Board.cpp */ = {isa = PBXFileReference; fileEncoding = 4; lastKnownFileType = sourcecode.cpp.cpp; path = Board.cpp; sourceTree = "<group>"; };
		32953D7C141DA991005517FC /* Board.h */ = {isa = PBXFileReference; fileEncoding = 4; lastKnownFileType = sourcecode.c.h; path = Board.h; sourceTree = "<group>"; };
		32953D82141DB64D005517FC /* Tile.cpp */ = {isa = PBXFileReference; fileEncoding = 4; lastKnownFileType = sourcecode.cpp.cpp; path = Tile.cpp; sourceTree = "<group>"; };
		32953D83141DB64D005517FC /* Tile.h */ = {isa = PBXFileReference; fileEncoding = 4; lastKnownFileType = sourcecode.c.h; path = Tile.h; sourceTree = "<group>"; };
		32953D85141DB694005517FC /* Cell.cpp */ = {isa = PBXFileReference; fileEncoding = 4; lastKnownFileType = sourcecode.cpp.cpp; path = Cell.cpp; sourceTree = "<group>"; };
		32953D86141DB694005517FC /* Cell.h */ = {isa = PBXFileReference; fileEncoding = 4; lastKnownFileType = sourcecode.c.h; path = Cell.h; sourceTree = "<group>"; };
		32953D88141DB7E2005517FC /* AbstractView.cpp */ = {isa = PBXFileReference; fileEncoding = 4; lastKnownFileType = sourcecode.cpp.cpp; path = AbstractView.cpp; sourceTree = "<group>"; };
		32953D89141DB7E2005517FC /* AbstractView.h */ = {isa = PBXFileReference; fileEncoding = 4; lastKnownFileType = sourcecode.c.h; path = AbstractView.h; sourceTree = "<group>"; };
		32953D8B141DB84C005517FC /* AbstractController.cpp */ = {isa = PBXFileReference; fileEncoding = 4; lastKnownFileType = sourcecode.cpp.cpp; path = AbstractController.cpp; sourceTree = "<group>"; };
		32953D8C141DB84C005517FC /* AbstractController.h */ = {isa = PBXFileReference; fileEncoding = 4; lastKnownFileType = sourcecode.c.h; path = AbstractController.h; sourceTree = "<group>"; };
		32953D8E141DB880005517FC /* KeyboardController.cpp */ = {isa = PBXFileReference; fileEncoding = 4; lastKnownFileType = sourcecode.cpp.cpp; path = KeyboardController.cpp; sourceTree = "<group>"; };
		32953D8F141DB880005517FC /* KeyboardController.h */ = {isa = PBXFileReference; fileEncoding = 4; lastKnownFileType = sourcecode.c.h; path = KeyboardController.h; sourceTree = "<group>"; };
		32953D91141DB9C5005517FC /* TwoDimensionalView.cpp */ = {isa = PBXFileReference; fileEncoding = 4; lastKnownFileType = sourcecode.cpp.cpp; path = TwoDimensionalView.cpp; sourceTree = "<group>"; };
		32953D92141DB9C5005517FC /* TwoDimensionalView.h */ = {isa = PBXFileReference; fileEncoding = 4; lastKnownFileType = sourcecode.c.h; path = TwoDimensionalView.h; sourceTree = "<group>"; };
		32953D94141DBB98005517FC /* GLUT.framework */ = {isa = PBXFileReference; lastKnownFileType = wrapper.framework; name = GLUT.framework; path = System/Library/Frameworks/GLUT.framework; sourceTree = SDKROOT; };
		32953D96141DBB9D005517FC /* OpenGL.framework */ = {isa = PBXFileReference; lastKnownFileType = wrapper.framework; name = OpenGL.framework; path = System/Library/Frameworks/OpenGL.framework; sourceTree = SDKROOT; };
		32953D98141DBC0B005517FC /* Cocoa.framework */ = {isa = PBXFileReference; lastKnownFileType = wrapper.framework; name = Cocoa.framework; path = System/Library/Frameworks/Cocoa.framework; sourceTree = SDKROOT; };
		32953D9B141DBD80005517FC /* 1.txt */ = {isa = PBXFileReference; fileEncoding = 4; lastKnownFileType = text; name = 1.txt; path = boards/1.txt; sourceTree = SOURCE_ROOT; };
		A1F8201E1421166A00E909C4 /* 2.txt */ = {isa = PBXFileReference; fileEncoding = 4; lastKnownFileType = text; name = 2.txt; path = boards/2.txt; sourceTree = SOURCE_ROOT; };
		A1F8201F1421166A00E909C4 /* 3.txt */ = {isa = PBXFileReference; fileEncoding = 4; lastKnownFileType = text; name = 3.txt; path = boards/3.txt; sourceTree = SOURCE_ROOT; };
		A1F820201421166A00E909C4 /* 4.txt */ = {isa = PBXFileReference; fileEncoding = 4; lastKnownFileType = text; name = 4.txt; path = boards/4.txt; sourceTree = SOURCE_ROOT; };
		A1F820211421166A00E909C4 /* 5.txt */ = {isa = PBXFileReference; fileEncoding = 4; lastKnownFileType = text; name = 5.txt; path = boards/5.txt; sourceTree = SOURCE_ROOT; };
		A1F820221421166A00E909C4 /* 6.txt */ = {isa = PBXFileReference; fileEncoding = 4; lastKnownFileType = text; name = 6.txt; path = boards/6.txt; sourceTree = SOURCE_ROOT; };
/* End PBXFileReference section */

/* Begin PBXFrameworksBuildPhase section */
		32578CE0141841650016AEB7 /* Frameworks */ = {
			isa = PBXFrameworksBuildPhase;
			buildActionMask = 2147483647;
			files = (
				32953D99141DBC0B005517FC /* Cocoa.framework in Frameworks */,
				32953D97141DBB9D005517FC /* OpenGL.framework in Frameworks */,
				32953D95141DBB99005517FC /* GLUT.framework in Frameworks */,
			);
			runOnlyForDeploymentPostprocessing = 0;
		};
/* End PBXFrameworksBuildPhase section */

/* Begin PBXGroup section */
		32578CD8141841650016AEB7 = {
			isa = PBXGroup;
			children = (
				32953D98141DBC0B005517FC /* Cocoa.framework */,
				32953D96141DBB9D005517FC /* OpenGL.framework */,
				32953D94141DBB98005517FC /* GLUT.framework */,
				32953D9A141DBD53005517FC /* Boards */,
				32578CEF141841D40016AEB7 /* Code */,
				32578CE4141841650016AEB7 /* Products */,
			);
			sourceTree = "<group>";
		};
		32578CE4141841650016AEB7 /* Products */ = {
			isa = PBXGroup;
			children = (
				32578CE3141841650016AEB7 /* Bloxorz */,
			);
			name = Products;
			sourceTree = "<group>";
		};
		32578CEF141841D40016AEB7 /* Code */ = {
			isa = PBXGroup;
			children = (
				32953D71141DA908005517FC /* Views */,
				32953D70141DA8FF005517FC /* Controllers */,
				32953D6E141DA8FA005517FC /* Models */,
				32578CF0141841D40016AEB7 /* main.cpp */,
			);
			path = Code;
			sourceTree = "<group>";
		};
		32953D6E141DA8FA005517FC /* Models */ = {
			isa = PBXGroup;
			children = (
				32953D7B141DA991005517FC /* Board.cpp */,
				32953D7C141DA991005517FC /* Board.h */,
				32953D83141DB64D005517FC /* Tile.h */,
				32953D82141DB64D005517FC /* Tile.cpp */,
				32953D85141DB694005517FC /* Cell.cpp */,
				32953D86141DB694005517FC /* Cell.h */,
			);
			name = Models;
			sourceTree = "<group>";
		};
		32953D70141DA8FF005517FC /* Controllers */ = {
			isa = PBXGroup;
			children = (
				32953D8B141DB84C005517FC /* AbstractController.cpp */,
				32953D8C141DB84C005517FC /* AbstractController.h */,
				32953D8E141DB880005517FC /* KeyboardController.cpp */,
				32953D8F141DB880005517FC /* KeyboardController.h */,
			);
			name = Controllers;
			sourceTree = "<group>";
		};
		32953D71141DA908005517FC /* Views */ = {
			isa = PBXGroup;
			children = (
				32953D88141DB7E2005517FC /* AbstractView.cpp */,
				32953D89141DB7E2005517FC /* AbstractView.h */,
				073F951714609F9E00B82921 /* ThreeDimensionalView.cpp */,
				073F951814609F9E00B82921 /* ThreeDimensionalView.h */,
				32953D91141DB9C5005517FC /* TwoDimensionalView.cpp */,
				32953D92141DB9C5005517FC /* TwoDimensionalView.h */,
				07B5985414611D1200CB1F95 /* Falling.h */,
				07B5985614611D2900CB1F95 /* Falling.cpp */,
			);
			name = Views;
			sourceTree = "<group>";
		};
		32953D9A141DBD53005517FC /* Boards */ = {
			isa = PBXGroup;
			children = (
				32953D9B141DBD80005517FC /* 1.txt */,
				A1F8201E1421166A00E909C4 /* 2.txt */,
				A1F8201F1421166A00E909C4 /* 3.txt */,
				A1F820201421166A00E909C4 /* 4.txt */,
				A1F820211421166A00E909C4 /* 5.txt */,
				A1F820221421166A00E909C4 /* 6.txt */,
			);
			name = Boards;
			path = Code;
			sourceTree = "<group>";
		};
/* End PBXGroup section */

/* Begin PBXNativeTarget section */
		32578CE2141841650016AEB7 /* Bloxorz */ = {
			isa = PBXNativeTarget;
			buildConfigurationList = 32578CEC141841660016AEB7 /* Build configuration list for PBXNativeTarget "Bloxorz" */;
			buildPhases = (
				32578CDF141841650016AEB7 /* Sources */,
				32578CE0141841650016AEB7 /* Frameworks */,
				32578CE1141841650016AEB7 /* CopyFiles */,
			);
			buildRules = (
			);
			dependencies = (
			);
			name = Bloxorz;
			productName = Bloxorz;
			productReference = 32578CE3141841650016AEB7 /* Bloxorz */;
			productType = "com.apple.product-type.tool";
		};
/* End PBXNativeTarget section */

/* Begin PBXProject section */
		32578CDA141841650016AEB7 /* Project object */ = {
			isa = PBXProject;
			buildConfigurationList = 32578CDD141841650016AEB7 /* Build configuration list for PBXProject "Bloxorz" */;
			compatibilityVersion = "Xcode 3.2";
			developmentRegion = English;
			hasScannedForEncodings = 0;
			knownRegions = (
				en,
			);
			mainGroup = 32578CD8141841650016AEB7;
			productRefGroup = 32578CE4141841650016AEB7 /* Products */;
			projectDirPath = "";
			projectRoot = "";
			targets = (
				32578CE2141841650016AEB7 /* Bloxorz */,
			);
		};
/* End PBXProject section */

/* Begin PBXSourcesBuildPhase section */
		32578CDF141841650016AEB7 /* Sources */ = {
			isa = PBXSourcesBuildPhase;
			buildActionMask = 2147483647;
			files = (
				32578CF1141841D40016AEB7 /* main.cpp in Sources */,
				32953D7D141DA991005517FC /* Board.cpp in Sources */,
				32953D84141DB64E005517FC /* Tile.cpp in Sources */,
				32953D87141DB694005517FC /* Cell.cpp in Sources */,
				32953D8A141DB7E2005517FC /* AbstractView.cpp in Sources */,
				32953D8D141DB84C005517FC /* AbstractController.cpp in Sources */,
				32953D90141DB880005517FC /* KeyboardController.cpp in Sources */,
				32953D93141DB9C5005517FC /* TwoDimensionalView.cpp in Sources */,
				073F951914609F9E00B82921 /* ThreeDimensionalView.cpp in Sources */,
				07B5985714611D2900CB1F95 /* Falling.cpp in Sources */,
			);
			runOnlyForDeploymentPostprocessing = 0;
		};
/* End PBXSourcesBuildPhase section */

/* Begin XCBuildConfiguration section */
		32578CEA141841660016AEB7 /* Debug */ = {
			isa = XCBuildConfiguration;
			buildSettings = {
				ARCHS = "$(ARCHS_STANDARD_32_64_BIT)";
				GCC_C_LANGUAGE_STANDARD = gnu99;
				GCC_OPTIMIZATION_LEVEL = 0;
				GCC_PREPROCESSOR_DEFINITIONS = DEBUG;
				GCC_SYMBOLS_PRIVATE_EXTERN = NO;
				GCC_VERSION = com.apple.compilers.llvm.clang.1_0;
				GCC_WARN_64_TO_32_BIT_CONVERSION = YES;
				GCC_WARN_ABOUT_RETURN_TYPE = YES;
				GCC_WARN_UNUSED_VARIABLE = YES;
				MACOSX_DEPLOYMENT_TARGET = 10.6;
				ONLY_ACTIVE_ARCH = YES;
				SDKROOT = macosx;
			};
			name = Debug;
		};
		32578CEB141841660016AEB7 /* Release */ = {
			isa = XCBuildConfiguration;
			buildSettings = {
				ARCHS = "$(ARCHS_STANDARD_32_64_BIT)";
				GCC_C_LANGUAGE_STANDARD = gnu99;
				GCC_VERSION = com.apple.compilers.llvm.clang.1_0;
				GCC_WARN_64_TO_32_BIT_CONVERSION = YES;
				GCC_WARN_ABOUT_RETURN_TYPE = YES;
				GCC_WARN_UNUSED_VARIABLE = YES;
				MACOSX_DEPLOYMENT_TARGET = 10.6;
				SDKROOT = macosx;
			};
			name = Release;
		};
		32578CED141841660016AEB7 /* Debug */ = {
			isa = XCBuildConfiguration;
			buildSettings = {
				ALWAYS_SEARCH_USER_PATHS = NO;
				COPY_PHASE_STRIP = NO;
				GCC_DYNAMIC_NO_PIC = NO;
				GCC_ENABLE_OBJC_EXCEPTIONS = YES;
				PRODUCT_NAME = "$(TARGET_NAME)";
			};
			name = Debug;
		};
		32578CEE141841660016AEB7 /* Release */ = {
			isa = XCBuildConfiguration;
			buildSettings = {
				ALWAYS_SEARCH_USER_PATHS = NO;
				COPY_PHASE_STRIP = YES;
				DEBUG_INFORMATION_FORMAT = "dwarf-with-dsym";
				GCC_ENABLE_OBJC_EXCEPTIONS = YES;
				PRODUCT_NAME = "$(TARGET_NAME)";
			};
			name = Release;
		};
/* End XCBuildConfiguration section */

/* Begin XCConfigurationList section */
		32578CDD141841650016AEB7 /* Build configuration list for PBXProject "Bloxorz" */ = {
			isa = XCConfigurationList;
			buildConfigurations = (
				32578CEA141841660016AEB7 /* Debug */,
				32578CEB141841660016AEB7 /* Release */,
			);
			defaultConfigurationIsVisible = 0;
			defaultConfigurationName = Release;
		};
		32578CEC141841660016AEB7 /* Build configuration list for PBXNativeTarget "Bloxorz" */ = {
			isa = XCConfigurationList;
			buildConfigurations = (
				32578CED141841660016AEB7 /* Debug */,
				32578CEE141841660016AEB7 /* Release */,
			);
			defaultConfigurationIsVisible = 0;
			defaultConfigurationName = Release;
		};
/* End XCConfigurationList section */
	};
	rootObject = 32578CDA141841650016AEB7 /* Project object */;
}
